
Microsoft Visual Studio Solution File, Format Version 12.00
# Visual Studio 15
VisualStudioVersion = 15.0.26020.0
MinimumVisualStudioVersion = 10.0.40219.1
Project("{FAE04EC0-301F-11D3-BF4B-00C04F79EFBC}") = "testBDD", "testBDD\testBDD.csproj", "{64F0D1B9-2ED5-4C55-A68C-913EA62777D8}"
EndProject
Global
	GlobalSection(SolutionConfigurationPlatforms) = preSolution
		Debug|Any CPU = Debug|Any CPU
		Release|Any CPU = Release|Any CPU
	EndGlobalSection
	GlobalSection(ProjectConfigurationPlatforms) = postSolution
		{64F0D1B9-2ED5-4C55-A68C-913EA62777D8}.Debug|Any CPU.ActiveCfg = Debug|Any CPU
		{64F0D1B9-2ED5-4C55-A68C-913EA62777D8}.Debug|Any CPU.Build.0 = Debug|Any CPU
		{64F0D1B9-2ED5-4C55-A68C-913EA62777D8}.Release|Any CPU.ActiveCfg = Release|Any CPU
		{64F0D1B9-2ED5-4C55-A68C-913EA62777D8}.Release|Any CPU.Build.0 = Release|Any CPU
	EndGlobalSection
	GlobalSection(SolutionProperties) = preSolution
		HideSolutionNode = FALSE
	EndGlobalSection
EndGlobal
