
Microsoft Visual Studio Solution File, Format Version 12.00
# Visual Studio 14
VisualStudioVersion = 14.0.25420.1
MinimumVisualStudioVersion = 10.0.40219.1
Project("{FAE04EC0-301F-11D3-BF4B-00C04F79EFBC}") = "StructListasSimple", "StructListasSimple.csproj", "{BC8EF2C5-DB8D-4159-AD52-26B2918552A1}"
EndProject
Global
	GlobalSection(SolutionConfigurationPlatforms) = preSolution
		Debug|Any CPU = Debug|Any CPU
		Release|Any CPU = Release|Any CPU
	EndGlobalSection
	GlobalSection(ProjectConfigurationPlatforms) = postSolution
		{BC8EF2C5-DB8D-4159-AD52-26B2918552A1}.Debug|Any CPU.ActiveCfg = Debug|Any CPU
		{BC8EF2C5-DB8D-4159-AD52-26B2918552A1}.Debug|Any CPU.Build.0 = Debug|Any CPU
		{BC8EF2C5-DB8D-4159-AD52-26B2918552A1}.Release|Any CPU.ActiveCfg = Release|Any CPU
		{BC8EF2C5-DB8D-4159-AD52-26B2918552A1}.Release|Any CPU.Build.0 = Release|Any CPU
	EndGlobalSection
	GlobalSection(SolutionProperties) = preSolution
		HideSolutionNode = FALSE
	EndGlobalSection
EndGlobal
